{
    "_meta": {
        "hash": {
            "sha256": "d4ab3ae902e5da98027c65b56782c367f86bb2f0e4cbb9751bb5bfc9b9783b99"
        },
        "pipfile-spec": 6,
        "requires": {
            "python_version": "3.7"
        },
        "sources": [
            {
                "name": "pypi",
                "url": "https://pypi.org/simple",
                "verify_ssl": true
            }
        ]
    },
    "default": {
        "behave": {
            "hashes": [
                "sha256:b9662327aa53294c1351b0a9c369093ccec1d21026f050c3bd9b3e5cccf81a86",
                "sha256:ebda1a6c9e5bfe95c5f9f0a2794e01c7098b3dde86c10a95d8621c5907ff6f1c"
            ],
            "version": "==1.2.6"
        },
        "cffi": {
            "hashes": [
                "sha256:001bf3242a1bb04d985d63e138230802c6c8d4db3668fb545fb5005ddf5bb5ff",
                "sha256:00789914be39dffba161cfc5be31b55775de5ba2235fe49aa28c148236c4e06b",
                "sha256:028a579fc9aed3af38f4892bdcc7390508adabc30c6af4a6e4f611b0c680e6ac",
                "sha256:14491a910663bf9f13ddf2bc8f60562d6bc5315c1f09c704937ef17293fb85b0",
                "sha256:1cae98a7054b5c9391eb3249b86e0e99ab1e02bb0cc0575da191aedadbdf4384",
                "sha256:2089ed025da3919d2e75a4d963d008330c96751127dd6f73c8dc0c65041b4c26",
                "sha256:2d384f4a127a15ba701207f7639d94106693b6cd64173d6c8988e2c25f3ac2b6",
                "sha256:337d448e5a725bba2d8293c48d9353fc68d0e9e4088d62a9571def317797522b",
                "sha256:399aed636c7d3749bbed55bc907c3288cb43c65c4389964ad5ff849b6370603e",
                "sha256:3b911c2dbd4f423b4c4fcca138cadde747abdb20d196c4a48708b8a2d32b16dd",
                "sha256:3d311bcc4a41408cf5854f06ef2c5cab88f9fded37a3b95936c9879c1640d4c2",
                "sha256:62ae9af2d069ea2698bf536dcfe1e4eed9090211dbaafeeedf5cb6c41b352f66",
                "sha256:66e41db66b47d0d8672d8ed2708ba91b2f2524ece3dee48b5dfb36be8c2f21dc",
                "sha256:675686925a9fb403edba0114db74e741d8181683dcf216be697d208857e04ca8",
                "sha256:7e63cbcf2429a8dbfe48dcc2322d5f2220b77b2e17b7ba023d6166d84655da55",
                "sha256:8a6c688fefb4e1cd56feb6c511984a6c4f7ec7d2a1ff31a10254f3c817054ae4",
                "sha256:8c0ffc886aea5df6a1762d0019e9cb05f825d0eec1f520c51be9d198701daee5",
                "sha256:95cd16d3dee553f882540c1ffe331d085c9e629499ceadfbda4d4fde635f4b7d",
                "sha256:99f748a7e71ff382613b4e1acc0ac83bf7ad167fb3802e35e90d9763daba4d78",
                "sha256:b8c78301cefcf5fd914aad35d3c04c2b21ce8629b5e4f4e45ae6812e461910fa",
                "sha256:c420917b188a5582a56d8b93bdd8e0f6eca08c84ff623a4c16e809152cd35793",
                "sha256:c43866529f2f06fe0edc6246eb4faa34f03fe88b64a0a9a942561c8e22f4b71f",
                "sha256:cab50b8c2250b46fe738c77dbd25ce017d5e6fb35d3407606e7a4180656a5a6a",
                "sha256:cef128cb4d5e0b3493f058f10ce32365972c554572ff821e175dbc6f8ff6924f",
                "sha256:cf16e3cf6c0a5fdd9bc10c21687e19d29ad1fe863372b5543deaec1039581a30",
                "sha256:e56c744aa6ff427a607763346e4170629caf7e48ead6921745986db3692f987f",
                "sha256:e577934fc5f8779c554639376beeaa5657d54349096ef24abe8c74c5d9c117c3",
                "sha256:f2b0fa0c01d8a0c7483afd9f31d7ecf2d71760ca24499c8697aeb5ca37dc090c"
            ],
            "version": "==1.14.0"
        },
        "file-magic": {
            "hashes": [
                "sha256:4dd1492b9a9ca57c272aaa9cc495cd65310115b2aec5503c7d047ad9bfae1035",
                "sha256:8ea03da58cf4de5a69909c0e27746cf17fc903356a601967ab01577916a73aed"
            ],
            "version": "==0.4.0"
        },
        "milksnake": {
            "hashes": [
                "sha256:550ca1fc4222724149ee5a933e6bb8347630c0ed023a2a97701ab94fa256f6b4",
                "sha256:dfcd43b78bcf93897a75eea1dadf71c848319f19451cff4f3f3a628a5abe1688"
            ],
            "version": "==0.1.5"
        },
        "parse": {
            "hashes": [
                "sha256:a6d4e2c2f1fbde6717d28084a191a052950f758c0cbd83805357e6575c2b95c0"
            ],
            "version": "==1.15.0"
        },
        "parse-type": {
            "hashes": [
                "sha256:089a471b06327103865dfec2dd844230c3c658a4a1b5b4c8b6c16c8f77577f9e",
                "sha256:7f690b18d35048c15438d6d0571f9045cffbec5907e0b1ccf006f889e3a38c0b"
            ],
            "version": "==0.5.2"
        },
        "parsy": {
            "hashes": [
                "sha256:bea54186c3da470944dafe2314b57ac53d0dc2b0a168dc32f644b1b93dc6ca64",
                "sha256:bfc941ea5a69e6ac16bd4f7d9f807bbc17e35edd8b95bcd2499a25b059359012"
            ],
            "version": "==1.3.0"
        },
        "pillow": {
            "hashes": [
                "sha256:04a10558320eba9137d6a78ca6fc8f4a5801f1b971152938851dc4629d903579",
                "sha256:0f89ddc77cf421b8cd34ae852309501458942bf370831b4a9b406156b599a14e",
                "sha256:251e5618125ec12ac800265d7048f5857a8f8f1979db9ea3e11382e159d17f68",
                "sha256:291bad7097b06d648222b769bbfcd61e40d0abdfe10df686d20ede36eb8162b6",
                "sha256:2f0b52a08d175f10c8ea36685115681a484c55d24d0933f9fd911e4111c04144",
                "sha256:3713386d1e9e79cea1c5e6aaac042841d7eef838cc577a3ca153c8bedf570287",
                "sha256:433bbc2469a2351bea53666d97bb1eb30f0d56461735be02ea6b27654569f80f",
                "sha256:4510c6b33277970b1af83c987277f9a08ec2b02cc20ac0f9234e4026136bb137",
                "sha256:50a10b048f4dd81c092adad99fa5f7ba941edaf2f9590510109ac2a15e706695",
                "sha256:670e58d3643971f4afd79191abd21623761c2ebe61db1c2cb4797d817c4ba1a7",
                "sha256:6c1924ed7dbc6ad0636907693bbbdd3fdae1d73072963e71f5644b864bb10b4d",
                "sha256:721c04d3c77c38086f1f95d1cd8df87f2f9a505a780acf8575912b3206479da1",
                "sha256:8d5799243050c2833c2662b824dfb16aa98e408d2092805edea4300a408490e7",
                "sha256:90cd441a1638ae176eab4d8b6b94ab4ec24b212ed4c3fbee2a6e74672481d4f8",
                "sha256:a5dc9f28c0239ec2742d4273bd85b2aa84655be2564db7ad1eb8f64b1efcdc4c",
                "sha256:b2f3e8cc52ecd259b94ca880fea0d15f4ebc6da2cd3db515389bb878d800270f",
                "sha256:b7453750cf911785009423789d2e4e5393aae9cbb8b3f471dab854b85a26cb89",
                "sha256:b99b2607b6cd58396f363b448cbe71d3c35e28f03e442ab00806463439629c2c",
                "sha256:cd47793f7bc9285a88c2b5551d3f16a2ddd005789614a34c5f4a598c2a162383",
                "sha256:d6bf085f6f9ec6a1724c187083b37b58a8048f86036d42d21802ed5d1fae4853",
                "sha256:da737ab273f4d60ae552f82ad83f7cbd0e173ca30ca20b160f708c92742ee212",
                "sha256:eb84e7e5b07ff3725ab05977ac56d5eeb0c510795aeb48e8b691491be3c5745b"
            ],
            "version": "==7.1.1"
        },
        "pycparser": {
            "hashes": [
                "sha256:2d475327684562c3a96cc71adf7dc8c4f0565175cf86b6d7a404ff4c771f15f0",
                "sha256:7582ad22678f0fcd81102833f60ef8d0e57288b6b5fb00323d101be910e35705"
            ],
            "version": "==2.20"
        },
        "pyhamcrest": {
            "hashes": [
                "sha256:412e00137858f04bde0729913874a48485665f2d36fe9ee449f26be864af9316",
                "sha256:7ead136e03655af85069b6f47b23eb7c3e5c221aa9f022a4fbb499f5b7308f29"
            ],
            "version": "==2.0.2"
        },
        "qualia": {
            "editable": true,
            "path": "."
        },
        "rure": {
            "hashes": [
                "sha256:c99524e4000b105ed0c4a6f51f58139758652f4fb2fba4862eff775f84de1733",
                "sha256:f8ccec9bea1651ba2334029b12e1665f0f076fadf6ea66402f0554506c30de6c"
            ],
            "version": "==0.2.2"
        },
        "six": {
            "hashes": [
                "sha256:236bdbdce46e6e6a3d61a337c0f8b763ca1e8717c03b369e87a7ec7ce1319c0a",
                "sha256:8f3cd2e254d8f793e7f3d6d9df77b92252b52637291d0f0da013c76ea2724b6c"
            ],
            "version": "==1.14.0"
        }
    },
    "develop": {
        "coverage": {
            "hashes": [
                "sha256:00f1d23f4336efc3b311ed0d807feb45098fc86dee1ca13b3d6768cdab187c8a",
                "sha256:01333e1bd22c59713ba8a79f088b3955946e293114479bbfc2e37d522be03355",
                "sha256:0cb4be7e784dcdc050fc58ef05b71aa8e89b7e6636b99967fadbdba694cf2b65",
                "sha256:0e61d9803d5851849c24f78227939c701ced6704f337cad0a91e0972c51c1ee7",
                "sha256:1601e480b9b99697a570cea7ef749e88123c04b92d84cedaa01e117436b4a0a9",
                "sha256:2742c7515b9eb368718cd091bad1a1b44135cc72468c731302b3d641895b83d1",
                "sha256:2d27a3f742c98e5c6b461ee6ef7287400a1956c11421eb574d843d9ec1f772f0",
                "sha256:402e1744733df483b93abbf209283898e9f0d67470707e3c7516d84f48524f55",
                "sha256:5c542d1e62eece33c306d66fe0a5c4f7f7b3c08fecc46ead86d7916684b36d6c",
                "sha256:5f2294dbf7875b991c381e3d5af2bcc3494d836affa52b809c91697449d0eda6",
                "sha256:6402bd2fdedabbdb63a316308142597534ea8e1895f4e7d8bf7476c5e8751fef",
                "sha256:66460ab1599d3cf894bb6baee8c684788819b71a5dc1e8fa2ecc152e5d752019",
                "sha256:782caea581a6e9ff75eccda79287daefd1d2631cc09d642b6ee2d6da21fc0a4e",
                "sha256:79a3cfd6346ce6c13145731d39db47b7a7b859c0272f02cdb89a3bdcbae233a0",
                "sha256:7a5bdad4edec57b5fb8dae7d3ee58622d626fd3a0be0dfceda162a7035885ecf",
                "sha256:8fa0cbc7ecad630e5b0f4f35b0f6ad419246b02bc750de7ac66db92667996d24",
                "sha256:a027ef0492ede1e03a8054e3c37b8def89a1e3c471482e9f046906ba4f2aafd2",
                "sha256:a3f3654d5734a3ece152636aad89f58afc9213c6520062db3978239db122f03c",
                "sha256:a82b92b04a23d3c8a581fc049228bafde988abacba397d57ce95fe95e0338ab4",
                "sha256:acf3763ed01af8410fc36afea23707d4ea58ba7e86a8ee915dfb9ceff9ef69d0",
                "sha256:adeb4c5b608574a3d647011af36f7586811a2c1197c861aedb548dd2453b41cd",
                "sha256:b83835506dfc185a319031cf853fa4bb1b3974b1f913f5bb1a0f3d98bdcded04",
                "sha256:bb28a7245de68bf29f6fb199545d072d1036a1917dca17a1e75bbb919e14ee8e",
                "sha256:bf9cb9a9fd8891e7efd2d44deb24b86d647394b9705b744ff6f8261e6f29a730",
                "sha256:c317eaf5ff46a34305b202e73404f55f7389ef834b8dbf4da09b9b9b37f76dd2",
                "sha256:dbe8c6ae7534b5b024296464f387d57c13caa942f6d8e6e0346f27e509f0f768",
                "sha256:de807ae933cfb7f0c7d9d981a053772452217df2bf38e7e6267c9cbf9545a796",
                "sha256:dead2ddede4c7ba6cb3a721870f5141c97dc7d85a079edb4bd8d88c3ad5b20c7",
                "sha256:dec5202bfe6f672d4511086e125db035a52b00f1648d6407cc8e526912c0353a",
                "sha256:e1ea316102ea1e1770724db01998d1603ed921c54a86a2efcb03428d5417e489",
                "sha256:f90bfc4ad18450c80b024036eaf91e4a246ae287701aaa88eaebebf150868052"
            ],
            "index": "pypi",
            "version": "==5.1"
        }
    }
}
